// !$*UTF8*$!
{
	archiveVersion = 1;
	classes = {
	};
	objectVersion = 50;
	objects = {

/* Begin PBXBuildFile section */
		3D1BE1C629097E960031CCAA /* AgregarContactoController.swift in Sources */ = {isa = PBXBuildFile; fileRef = 3D1BE1C529097E960031CCAA /* AgregarContactoController.swift */; };
		3D1BE1C829097EB20031CCAA /* EditarContactoController.swift in Sources */ = {isa = PBXBuildFile; fileRef = 3D1BE1C729097EB20031CCAA /* EditarContactoController.swift */; };
		3D1C0FAD2906E2E000EA0330 /* AppDelegate.swift in Sources */ = {isa = PBXBuildFile; fileRef = 3D1C0FAC2906E2E000EA0330 /* AppDelegate.swift */; };
		3D1C0FAF2906E2E000EA0330 /* ViewController.swift in Sources */ = {isa = PBXBuildFile; fileRef = 3D1C0FAE2906E2E000EA0330 /* ViewController.swift */; };
		3D1C0FB22906E2E000EA0330 /* Main.storyboard in Resources */ = {isa = PBXBuildFile; fileRef = 3D1C0FB02906E2E000EA0330 /* Main.storyboard */; };
		3D1C0FB42906E2E400EA0330 /* Assets.xcassets in Resources */ = {isa = PBXBuildFile; fileRef = 3D1C0FB32906E2E400EA0330 /* Assets.xcassets */; };
		3D1C0FB72906E2E400EA0330 /* LaunchScreen.storyboard in Resources */ = {isa = PBXBuildFile; fileRef = 3D1C0FB52906E2E400EA0330 /* LaunchScreen.storyboard */; };
		3D1C0FBF2906E7FB00EA0330 /* contactos.swift in Sources */ = {isa = PBXBuildFile; fileRef = 3D1C0FBE2906E7FB00EA0330 /* contactos.swift */; };
		3D1C0FC12906E8EA00EA0330 /* CeldaContactoController.swift in Sources */ = {isa = PBXBuildFile; fileRef = 3D1C0FC02906E8EA00EA0330 /* CeldaContactoController.swift */; };
		FB3916F1292536D4005C9607 /* Indivisa Display Serif Regular Italic.ttf in Resources */ = {isa = PBXBuildFile; fileRef = FB3916D5292536D3005C9607 /* Indivisa Display Serif Regular Italic.ttf */; };
		FB3916F2292536D4005C9607 /* Indivisa Text Sans-Black.ttf in Resources */ = {isa = PBXBuildFile; fileRef = FB3916D6292536D3005C9607 /* Indivisa Text Sans-Black.ttf */; };
		FB3916F3292536D4005C9607 /* Indivisa Display Sans-Heavy Italic.ttf in Resources */ = {isa = PBXBuildFile; fileRef = FB3916D7292536D3005C9607 /* Indivisa Display Sans-Heavy Italic.ttf */; };
		FB3916F4292536D4005C9607 /* Indivisa Text Serif Light Italic.ttf in Resources */ = {isa = PBXBuildFile; fileRef = FB3916D8292536D3005C9607 /* Indivisa Text Serif Light Italic.ttf */; };
		FB3916F5292536D4005C9607 /* Indivisa Display Serif Heavy Italic.ttf in Resources */ = {isa = PBXBuildFile; fileRef = FB3916D9292536D3005C9607 /* Indivisa Display Serif Heavy Italic.ttf */; };
		FB3916F6292536D4005C9607 /* Indivisa Display Serif Heavy.ttf in Resources */ = {isa = PBXBuildFile; fileRef = FB3916DA292536D3005C9607 /* Indivisa Display Serif Heavy.ttf */; };
		FB3916F7292536D4005C9607 /* Indivisa Display Serif Thin Italic.ttf in Resources */ = {isa = PBXBuildFile; fileRef = FB3916DB292536D3005C9607 /* Indivisa Display Serif Thin Italic.ttf */; };
		FB3916F8292536D4005C9607 /* Indivisa Display Sans-Thin Italic.ttf in Resources */ = {isa = PBXBuildFile; fileRef = FB3916DC292536D3005C9607 /* Indivisa Display Sans-Thin Italic.ttf */; };
		FB3916F9292536D4005C9607 /* Indivisa Text Sans-Bold Italic.ttf in Resources */ = {isa = PBXBuildFile; fileRef = FB3916DD292536D3005C9607 /* Indivisa Text Sans-Bold Italic.ttf */; };
		FB3916FA292536D4005C9607 /* Indivisa Text Sans-Regular.ttf in Resources */ = {isa = PBXBuildFile; fileRef = FB3916DE292536D3005C9607 /* Indivisa Text Sans-Regular.ttf */; };
		FB3916FB292536D4005C9607 /* Indivisa Text Serif Bold Italic.ttf in Resources */ = {isa = PBXBuildFile; fileRef = FB3916DF292536D3005C9607 /* Indivisa Text Serif Bold Italic.ttf */; };
		FB3916FC292536D4005C9607 /* Indivisa Text Sans-Black Italic.ttf in Resources */ = {isa = PBXBuildFile; fileRef = FB3916E0292536D4005C9607 /* Indivisa Text Sans-Black Italic.ttf */; };
		FB3916FD292536D4005C9607 /* Indivisa Text Serif Black.ttf in Resources */ = {isa = PBXBuildFile; fileRef = FB3916E1292536D4005C9607 /* Indivisa Text Serif Black.ttf */; };
		FB3916FE292536D4005C9607 /* Indivisa Text Serif Regular.ttf in Resources */ = {isa = PBXBuildFile; fileRef = FB3916E2292536D4005C9607 /* Indivisa Text Serif Regular.ttf */; };
		FB3916FF292536D4005C9607 /* Indivisa Display Serif Thin.ttf in Resources */ = {isa = PBXBuildFile; fileRef = FB3916E3292536D4005C9607 /* Indivisa Display Serif Thin.ttf */; };
		FB391700292536D4005C9607 /* Indivisa Display Sans-Regular.ttf in Resources */ = {isa = PBXBuildFile; fileRef = FB3916E4292536D4005C9607 /* Indivisa Display Sans-Regular.ttf */; };
		FB391701292536D4005C9607 /* Indivisa Display Sans-Regular Italic.ttf in Resources */ = {isa = PBXBuildFile; fileRef = FB3916E5292536D4005C9607 /* Indivisa Display Sans-Regular Italic.ttf */; };
		FB391702292536D4005C9607 /* Indivisa Text Sans-Light.ttf in Resources */ = {isa = PBXBuildFile; fileRef = FB3916E6292536D4005C9607 /* Indivisa Text Sans-Light.ttf */; };
		FB391703292536D4005C9607 /* Indivisa Text Sans-Regular Italic.ttf in Resources */ = {isa = PBXBuildFile; fileRef = FB3916E7292536D4005C9607 /* Indivisa Text Sans-Regular Italic.ttf */; };
		FB391704292536D4005C9607 /* Indivisa Display Sans-Thin.ttf in Resources */ = {isa = PBXBuildFile; fileRef = FB3916E8292536D4005C9607 /* Indivisa Display Sans-Thin.ttf */; };
		FB391705292536D4005C9607 /* Indivisa Text Serif Black Italic.ttf in Resources */ = {isa = PBXBuildFile; fileRef = FB3916E9292536D4005C9607 /* Indivisa Text Serif Black Italic.ttf */; };
		FB391706292536D4005C9607 /* Indivisa Text Sans-Bold.ttf in Resources */ = {isa = PBXBuildFile; fileRef = FB3916EA292536D4005C9607 /* Indivisa Text Sans-Bold.ttf */; };
		FB391707292536D4005C9607 /* Indivisa Text Serif Regular Italic.ttf in Resources */ = {isa = PBXBuildFile; fileRef = FB3916EB292536D4005C9607 /* Indivisa Text Serif Regular Italic.ttf */; };
		FB391708292536D4005C9607 /* Indivisa Display Serif Regular.ttf in Resources */ = {isa = PBXBuildFile; fileRef = FB3916EC292536D4005C9607 /* Indivisa Display Serif Regular.ttf */; };
		FB391709292536D4005C9607 /* Indivisa Text Serif Bold.ttf in Resources */ = {isa = PBXBuildFile; fileRef = FB3916ED292536D4005C9607 /* Indivisa Text Serif Bold.ttf */; };
		FB39170A292536D4005C9607 /* Indivisa Display Sans-Heavy.ttf in Resources */ = {isa = PBXBuildFile; fileRef = FB3916EE292536D4005C9607 /* Indivisa Display Sans-Heavy.ttf */; };
		FB39170B292536D4005C9607 /* Indivisa Text Serif Light.ttf in Resources */ = {isa = PBXBuildFile; fileRef = FB3916EF292536D4005C9607 /* Indivisa Text Serif Light.ttf */; };
		FB39170C292536D4005C9607 /* Indivisa Text Sans-Light Italic.ttf in Resources */ = {isa = PBXBuildFile; fileRef = FB3916F0292536D4005C9607 /* Indivisa Text Sans-Light Italic.ttf */; };
		FB73FD442919570800D5EE8F /* PerfilController.swift in Sources */ = {isa = PBXBuildFile; fileRef = FB73FD432919570800D5EE8F /* PerfilController.swift */; };
		FB73FD4629195E4200D5EE8F /* PagosController.swift in Sources */ = {isa = PBXBuildFile; fileRef = FB73FD4529195E4200D5EE8F /* PagosController.swift */; };
		FB73FD4829195E4F00D5EE8F /* pagos.swift in Sources */ = {isa = PBXBuildFile; fileRef = FB73FD4729195E4F00D5EE8F /* pagos.swift */; };
		FB73FD4A29195E6600D5EE8F /* CeldaPagosController.swift in Sources */ = {isa = PBXBuildFile; fileRef = FB73FD4929195E6600D5EE8F /* CeldaPagosController.swift */; };
		FB7B189E29156AE600A3B439 /* Alumno.swift in Sources */ = {isa = PBXBuildFile; fileRef = FB7B189D29156AE600A3B439 /* Alumno.swift */; };
		FB7B18A029156AF300A3B439 /* AlumnoController.swift in Sources */ = {isa = PBXBuildFile; fileRef = FB7B189F29156AF300A3B439 /* AlumnoController.swift */; };
		FB80E318291E98AF00965690 /* horario.swift in Sources */ = {isa = PBXBuildFile; fileRef = FB80E317291E98AF00965690 /* horario.swift */; };
		FB80E31A291E98C100965690 /* HorarioController.swift in Sources */ = {isa = PBXBuildFile; fileRef = FB80E319291E98C100965690 /* HorarioController.swift */; };
		FB80E31C291E98CF00965690 /* HorarioCeldaController.swift in Sources */ = {isa = PBXBuildFile; fileRef = FB80E31B291E98CF00965690 /* HorarioCeldaController.swift */; };
		FB81AD2429199AD500FBFF8F /* pago.swift in Sources */ = {isa = PBXBuildFile; fileRef = FB81AD2329199AD500FBFF8F /* pago.swift */; };
		FB81AD2629199CB400FBFF8F /* CeldaPagoController.swift in Sources */ = {isa = PBXBuildFile; fileRef = FB81AD2529199CB400FBFF8F /* CeldaPagoController.swift */; };
		FB83876C29228C4800BF2460 /* ClaseController.swift in Sources */ = {isa = PBXBuildFile; fileRef = FB83876B29228C4800BF2460 /* ClaseController.swift */; };
		FBBCCBD02912BC5900438ADD /* CafeteriaController.swift in Sources */ = {isa = PBXBuildFile; fileRef = FBBCCBCF2912BC5900438ADD /* CafeteriaController.swift */; };
		FBBCCBD22912BE4A00438ADD /* menu.swift in Sources */ = {isa = PBXBuildFile; fileRef = FBBCCBD12912BE4A00438ADD /* menu.swift */; };
		FBBCCBD42912BE7400438ADD /* CeldaMenuController.swift in Sources */ = {isa = PBXBuildFile; fileRef = FBBCCBD32912BE7400438ADD /* CeldaMenuController.swift */; };
/* End PBXBuildFile section */

/* Begin PBXFileReference section */
		3D1BE1C529097E960031CCAA /* AgregarContactoController.swift */ = {isa = PBXFileReference; lastKnownFileType = sourcecode.swift; path = AgregarContactoController.swift; sourceTree = "<group>"; };
		3D1BE1C729097EB20031CCAA /* EditarContactoController.swift */ = {isa = PBXFileReference; lastKnownFileType = sourcecode.swift; path = EditarContactoController.swift; sourceTree = "<group>"; };
		3D1C0FA92906E2E000EA0330 /* Proyecto-3erp.app */ = {isa = PBXFileReference; explicitFileType = wrapper.application; includeInIndex = 0; path = "Proyecto-3erp.app"; sourceTree = BUILT_PRODUCTS_DIR; };
		3D1C0FAC2906E2E000EA0330 /* AppDelegate.swift */ = {isa = PBXFileReference; lastKnownFileType = sourcecode.swift; path = AppDelegate.swift; sourceTree = "<group>"; };
		3D1C0FAE2906E2E000EA0330 /* ViewController.swift */ = {isa = PBXFileReference; lastKnownFileType = sourcecode.swift; path = ViewController.swift; sourceTree = "<group>"; };
		3D1C0FB12906E2E000EA0330 /* Base */ = {isa = PBXFileReference; lastKnownFileType = file.storyboard; name = Base; path = Base.lproj/Main.storyboard; sourceTree = "<group>"; };
		3D1C0FB32906E2E400EA0330 /* Assets.xcassets */ = {isa = PBXFileReference; lastKnownFileType = folder.assetcatalog; path = Assets.xcassets; sourceTree = "<group>"; };
		3D1C0FB62906E2E400EA0330 /* Base */ = {isa = PBXFileReference; lastKnownFileType = file.storyboard; name = Base; path = Base.lproj/LaunchScreen.storyboard; sourceTree = "<group>"; };
		3D1C0FB82906E2E400EA0330 /* Info.plist */ = {isa = PBXFileReference; lastKnownFileType = text.plist.xml; path = Info.plist; sourceTree = "<group>"; };
		3D1C0FBE2906E7FB00EA0330 /* contactos.swift */ = {isa = PBXFileReference; lastKnownFileType = sourcecode.swift; path = contactos.swift; sourceTree = "<group>"; };
		3D1C0FC02906E8EA00EA0330 /* CeldaContactoController.swift */ = {isa = PBXFileReference; lastKnownFileType = sourcecode.swift; path = CeldaContactoController.swift; sourceTree = "<group>"; };
		FB3916D5292536D3005C9607 /* Indivisa Display Serif Regular Italic.ttf */ = {isa = PBXFileReference; lastKnownFileType = file; path = "Indivisa Display Serif Regular Italic.ttf"; sourceTree = "<group>"; };
		FB3916D6292536D3005C9607 /* Indivisa Text Sans-Black.ttf */ = {isa = PBXFileReference; lastKnownFileType = file; path = "Indivisa Text Sans-Black.ttf"; sourceTree = "<group>"; };
		FB3916D7292536D3005C9607 /* Indivisa Display Sans-Heavy Italic.ttf */ = {isa = PBXFileReference; lastKnownFileType = file; path = "Indivisa Display Sans-Heavy Italic.ttf"; sourceTree = "<group>"; };
		FB3916D8292536D3005C9607 /* Indivisa Text Serif Light Italic.ttf */ = {isa = PBXFileReference; lastKnownFileType = file; path = "Indivisa Text Serif Light Italic.ttf"; sourceTree = "<group>"; };
		FB3916D9292536D3005C9607 /* Indivisa Display Serif Heavy Italic.ttf */ = {isa = PBXFileReference; lastKnownFileType = file; path = "Indivisa Display Serif Heavy Italic.ttf"; sourceTree = "<group>"; };
		FB3916DA292536D3005C9607 /* Indivisa Display Serif Heavy.ttf */ = {isa = PBXFileReference; lastKnownFileType = file; path = "Indivisa Display Serif Heavy.ttf"; sourceTree = "<group>"; };
		FB3916DB292536D3005C9607 /* Indivisa Display Serif Thin Italic.ttf */ = {isa = PBXFileReference; lastKnownFileType = file; path = "Indivisa Display Serif Thin Italic.ttf"; sourceTree = "<group>"; };
		FB3916DC292536D3005C9607 /* Indivisa Display Sans-Thin Italic.ttf */ = {isa = PBXFileReference; lastKnownFileType = file; path = "Indivisa Display Sans-Thin Italic.ttf"; sourceTree = "<group>"; };
		FB3916DD292536D3005C9607 /* Indivisa Text Sans-Bold Italic.ttf */ = {isa = PBXFileReference; lastKnownFileType = file; path = "Indivisa Text Sans-Bold Italic.ttf"; sourceTree = "<group>"; };
		FB3916DE292536D3005C9607 /* Indivisa Text Sans-Regular.ttf */ = {isa = PBXFileReference; lastKnownFileType = file; path = "Indivisa Text Sans-Regular.ttf"; sourceTree = "<group>"; };
		FB3916DF292536D3005C9607 /* Indivisa Text Serif Bold Italic.ttf */ = {isa = PBXFileReference; lastKnownFileType = file; path = "Indivisa Text Serif Bold Italic.ttf"; sourceTree = "<group>"; };
		FB3916E0292536D4005C9607 /* Indivisa Text Sans-Black Italic.ttf */ = {isa = PBXFileReference; lastKnownFileType = file; path = "Indivisa Text Sans-Black Italic.ttf"; sourceTree = "<group>"; };
		FB3916E1292536D4005C9607 /* Indivisa Text Serif Black.ttf */ = {isa = PBXFileReference; lastKnownFileType = file; path = "Indivisa Text Serif Black.ttf"; sourceTree = "<group>"; };
		FB3916E2292536D4005C9607 /* Indivisa Text Serif Regular.ttf */ = {isa = PBXFileReference; lastKnownFileType = file; path = "Indivisa Text Serif Regular.ttf"; sourceTree = "<group>"; };
		FB3916E3292536D4005C9607 /* Indivisa Display Serif Thin.ttf */ = {isa = PBXFileReference; lastKnownFileType = file; path = "Indivisa Display Serif Thin.ttf"; sourceTree = "<group>"; };
		FB3916E4292536D4005C9607 /* Indivisa Display Sans-Regular.ttf */ = {isa = PBXFileReference; lastKnownFileType = file; path = "Indivisa Display Sans-Regular.ttf"; sourceTree = "<group>"; };
		FB3916E5292536D4005C9607 /* Indivisa Display Sans-Regular Italic.ttf */ = {isa = PBXFileReference; lastKnownFileType = file; path = "Indivisa Display Sans-Regular Italic.ttf"; sourceTree = "<group>"; };
		FB3916E6292536D4005C9607 /* Indivisa Text Sans-Light.ttf */ = {isa = PBXFileReference; lastKnownFileType = file; path = "Indivisa Text Sans-Light.ttf"; sourceTree = "<group>"; };
		FB3916E7292536D4005C9607 /* Indivisa Text Sans-Regular Italic.ttf */ = {isa = PBXFileReference; lastKnownFileType = file; path = "Indivisa Text Sans-Regular Italic.ttf"; sourceTree = "<group>"; };
		FB3916E8292536D4005C9607 /* Indivisa Display Sans-Thin.ttf */ = {isa = PBXFileReference; lastKnownFileType = file; path = "Indivisa Display Sans-Thin.ttf"; sourceTree = "<group>"; };
		FB3916E9292536D4005C9607 /* Indivisa Text Serif Black Italic.ttf */ = {isa = PBXFileReference; lastKnownFileType = file; path = "Indivisa Text Serif Black Italic.ttf"; sourceTree = "<group>"; };
		FB3916EA292536D4005C9607 /* Indivisa Text Sans-Bold.ttf */ = {isa = PBXFileReference; lastKnownFileType = file; path = "Indivisa Text Sans-Bold.ttf"; sourceTree = "<group>"; };
		FB3916EB292536D4005C9607 /* Indivisa Text Serif Regular Italic.ttf */ = {isa = PBXFileReference; lastKnownFileType = file; path = "Indivisa Text Serif Regular Italic.ttf"; sourceTree = "<group>"; };
		FB3916EC292536D4005C9607 /* Indivisa Display Serif Regular.ttf */ = {isa = PBXFileReference; lastKnownFileType = file; path = "Indivisa Display Serif Regular.ttf"; sourceTree = "<group>"; };
		FB3916ED292536D4005C9607 /* Indivisa Text Serif Bold.ttf */ = {isa = PBXFileReference; lastKnownFileType = file; path = "Indivisa Text Serif Bold.ttf"; sourceTree = "<group>"; };
		FB3916EE292536D4005C9607 /* Indivisa Display Sans-Heavy.ttf */ = {isa = PBXFileReference; lastKnownFileType = file; path = "Indivisa Display Sans-Heavy.ttf"; sourceTree = "<group>"; };
		FB3916EF292536D4005C9607 /* Indivisa Text Serif Light.ttf */ = {isa = PBXFileReference; lastKnownFileType = file; path = "Indivisa Text Serif Light.ttf"; sourceTree = "<group>"; };
		FB3916F0292536D4005C9607 /* Indivisa Text Sans-Light Italic.ttf */ = {isa = PBXFileReference; lastKnownFileType = file; path = "Indivisa Text Sans-Light Italic.ttf"; sourceTree = "<group>"; };
		FB73FD432919570800D5EE8F /* PerfilController.swift */ = {isa = PBXFileReference; lastKnownFileType = sourcecode.swift; path = PerfilController.swift; sourceTree = "<group>"; };
		FB73FD4529195E4200D5EE8F /* PagosController.swift */ = {isa = PBXFileReference; lastKnownFileType = sourcecode.swift; path = PagosController.swift; sourceTree = "<group>"; };
		FB73FD4729195E4F00D5EE8F /* pagos.swift */ = {isa = PBXFileReference; lastKnownFileType = sourcecode.swift; path = pagos.swift; sourceTree = "<group>"; };
		FB73FD4929195E6600D5EE8F /* CeldaPagosController.swift */ = {isa = PBXFileReference; lastKnownFileType = sourcecode.swift; path = CeldaPagosController.swift; sourceTree = "<group>"; };
		FB7B189D29156AE600A3B439 /* Alumno.swift */ = {isa = PBXFileReference; lastKnownFileType = sourcecode.swift; path = Alumno.swift; sourceTree = "<group>"; };
		FB7B189F29156AF300A3B439 /* AlumnoController.swift */ = {isa = PBXFileReference; lastKnownFileType = sourcecode.swift; path = AlumnoController.swift; sourceTree = "<group>"; };
		FB80E317291E98AF00965690 /* horario.swift */ = {isa = PBXFileReference; lastKnownFileType = sourcecode.swift; path = horario.swift; sourceTree = "<group>"; };
		FB80E319291E98C100965690 /* HorarioController.swift */ = {isa = PBXFileReference; lastKnownFileType = sourcecode.swift; path = HorarioController.swift; sourceTree = "<group>"; };
		FB80E31B291E98CF00965690 /* HorarioCeldaController.swift */ = {isa = PBXFileReference; lastKnownFileType = sourcecode.swift; path = HorarioCeldaController.swift; sourceTree = "<group>"; };
		FB81AD2329199AD500FBFF8F /* pago.swift */ = {isa = PBXFileReference; lastKnownFileType = sourcecode.swift; path = pago.swift; sourceTree = "<group>"; };
		FB81AD2529199CB400FBFF8F /* CeldaPagoController.swift */ = {isa = PBXFileReference; lastKnownFileType = sourcecode.swift; path = CeldaPagoController.swift; sourceTree = "<group>"; };
		FB83876B29228C4800BF2460 /* ClaseController.swift */ = {isa = PBXFileReference; lastKnownFileType = sourcecode.swift; path = ClaseController.swift; sourceTree = "<group>"; };
		FBBCCBCF2912BC5900438ADD /* CafeteriaController.swift */ = {isa = PBXFileReference; lastKnownFileType = sourcecode.swift; path = CafeteriaController.swift; sourceTree = "<group>"; };
		FBBCCBD12912BE4A00438ADD /* menu.swift */ = {isa = PBXFileReference; lastKnownFileType = sourcecode.swift; path = menu.swift; sourceTree = "<group>"; };
		FBBCCBD32912BE7400438ADD /* CeldaMenuController.swift */ = {isa = PBXFileReference; lastKnownFileType = sourcecode.swift; path = CeldaMenuController.swift; sourceTree = "<group>"; };
/* End PBXFileReference section */

/* Begin PBXFrameworksBuildPhase section */
		3D1C0FA62906E2E000EA0330 /* Frameworks */ = {
			isa = PBXFrameworksBuildPhase;
			buildActionMask = 2147483647;
			files = (
			);
			runOnlyForDeploymentPostprocessing = 0;
		};
/* End PBXFrameworksBuildPhase section */

/* Begin PBXGroup section */
		3D1C0FA02906E2E000EA0330 = {
			isa = PBXGroup;
			children = (
				3D1C0FAB2906E2E000EA0330 /* Proyecto-3erp */,
				3D1C0FAA2906E2E000EA0330 /* Products */,
			);
			sourceTree = "<group>";
		};
		3D1C0FAA2906E2E000EA0330 /* Products */ = {
			isa = PBXGroup;
			children = (
				3D1C0FA92906E2E000EA0330 /* Proyecto-3erp.app */,
			);
			name = Products;
			sourceTree = "<group>";
		};
		3D1C0FAB2906E2E000EA0330 /* Proyecto-3erp */ = {
			isa = PBXGroup;
			children = (
				FB3916D42925369E005C9607 /* Fuente */,
				FB80E31B291E98CF00965690 /* HorarioCeldaController.swift */,
				FB80E319291E98C100965690 /* HorarioController.swift */,
				FB80E317291E98AF00965690 /* horario.swift */,
				FBBCCBCF2912BC5900438ADD /* CafeteriaController.swift */,
				FBBCCBD32912BE7400438ADD /* CeldaMenuController.swift */,
				FBBCCBD12912BE4A00438ADD /* menu.swift */,
				3D1C0FAC2906E2E000EA0330 /* AppDelegate.swift */,
				3D1C0FAE2906E2E000EA0330 /* ViewController.swift */,
				3D1C0FB02906E2E000EA0330 /* Main.storyboard */,
				3D1C0FB32906E2E400EA0330 /* Assets.xcassets */,
				3D1C0FB52906E2E400EA0330 /* LaunchScreen.storyboard */,
				3D1C0FB82906E2E400EA0330 /* Info.plist */,
				3D1C0FBE2906E7FB00EA0330 /* contactos.swift */,
				FB83876B29228C4800BF2460 /* ClaseController.swift */,
				3D1C0FC02906E8EA00EA0330 /* CeldaContactoController.swift */,
				3D1BE1C529097E960031CCAA /* AgregarContactoController.swift */,
				3D1BE1C729097EB20031CCAA /* EditarContactoController.swift */,
				FB7B189D29156AE600A3B439 /* Alumno.swift */,
				FB7B189F29156AF300A3B439 /* AlumnoController.swift */,
				FB73FD432919570800D5EE8F /* PerfilController.swift */,
				FB73FD4929195E6600D5EE8F /* CeldaPagosController.swift */,
				FB81AD2529199CB400FBFF8F /* CeldaPagoController.swift */,
				FB81AD2329199AD500FBFF8F /* pago.swift */,
				FB73FD4729195E4F00D5EE8F /* pagos.swift */,
				FB73FD4529195E4200D5EE8F /* PagosController.swift */,
			);
			path = "Proyecto-3erp";
			sourceTree = "<group>";
		};
		FB3916D42925369E005C9607 /* Fuente */ = {
			isa = PBXGroup;
			children = (
				FB3916D7292536D3005C9607 /* Indivisa Display Sans-Heavy Italic.ttf */,
				FB3916EE292536D4005C9607 /* Indivisa Display Sans-Heavy.ttf */,
				FB3916E5292536D4005C9607 /* Indivisa Display Sans-Regular Italic.ttf */,
				FB3916E4292536D4005C9607 /* Indivisa Display Sans-Regular.ttf */,
				FB3916DC292536D3005C9607 /* Indivisa Display Sans-Thin Italic.ttf */,
				FB3916E8292536D4005C9607 /* Indivisa Display Sans-Thin.ttf */,
				FB3916D9292536D3005C9607 /* Indivisa Display Serif Heavy Italic.ttf */,
				FB3916DA292536D3005C9607 /* Indivisa Display Serif Heavy.ttf */,
				FB3916D5292536D3005C9607 /* Indivisa Display Serif Regular Italic.ttf */,
				FB3916EC292536D4005C9607 /* Indivisa Display Serif Regular.ttf */,
				FB3916DB292536D3005C9607 /* Indivisa Display Serif Thin Italic.ttf */,
				FB3916E3292536D4005C9607 /* Indivisa Display Serif Thin.ttf */,
				FB3916E0292536D4005C9607 /* Indivisa Text Sans-Black Italic.ttf */,
				FB3916D6292536D3005C9607 /* Indivisa Text Sans-Black.ttf */,
				FB3916DD292536D3005C9607 /* Indivisa Text Sans-Bold Italic.ttf */,
				FB3916EA292536D4005C9607 /* Indivisa Text Sans-Bold.ttf */,
				FB3916F0292536D4005C9607 /* Indivisa Text Sans-Light Italic.ttf */,
				FB3916E6292536D4005C9607 /* Indivisa Text Sans-Light.ttf */,
				FB3916E7292536D4005C9607 /* Indivisa Text Sans-Regular Italic.ttf */,
				FB3916DE292536D3005C9607 /* Indivisa Text Sans-Regular.ttf */,
				FB3916E9292536D4005C9607 /* Indivisa Text Serif Black Italic.ttf */,
				FB3916E1292536D4005C9607 /* Indivisa Text Serif Black.ttf */,
				FB3916DF292536D3005C9607 /* Indivisa Text Serif Bold Italic.ttf */,
				FB3916ED292536D4005C9607 /* Indivisa Text Serif Bold.ttf */,
				FB3916D8292536D3005C9607 /* Indivisa Text Serif Light Italic.ttf */,
				FB3916EF292536D4005C9607 /* Indivisa Text Serif Light.ttf */,
				FB3916EB292536D4005C9607 /* Indivisa Text Serif Regular Italic.ttf */,
				FB3916E2292536D4005C9607 /* Indivisa Text Serif Regular.ttf */,
			);
			name = Fuente;
			sourceTree = "<group>";
		};
/* End PBXGroup section */

/* Begin PBXNativeTarget section */
		3D1C0FA82906E2E000EA0330 /* Proyecto-3erp */ = {
			isa = PBXNativeTarget;
			buildConfigurationList = 3D1C0FBB2906E2E400EA0330 /* Build configuration list for PBXNativeTarget "Proyecto-3erp" */;
			buildPhases = (
				3D1C0FA52906E2E000EA0330 /* Sources */,
				3D1C0FA62906E2E000EA0330 /* Frameworks */,
				3D1C0FA72906E2E000EA0330 /* Resources */,
			);
			buildRules = (
			);
			dependencies = (
			);
			name = "Proyecto-3erp";
			productName = "Practica-contactos";
			productReference = 3D1C0FA92906E2E000EA0330 /* Proyecto-3erp.app */;
			productType = "com.apple.product-type.application";
		};
/* End PBXNativeTarget section */

/* Begin PBXProject section */
		3D1C0FA12906E2E000EA0330 /* Project object */ = {
			isa = PBXProject;
			attributes = {
				LastSwiftUpdateCheck = 0940;
				LastUpgradeCheck = 0940;
				ORGANIZATIONNAME = "Sebastian Encinas";
				TargetAttributes = {
					3D1C0FA82906E2E000EA0330 = {
						CreatedOnToolsVersion = 9.4.1;
						LastSwiftMigration = "";
					};
				};
			};
			buildConfigurationList = 3D1C0FA42906E2E000EA0330 /* Build configuration list for PBXProject "Proyecto-3erp" */;
			compatibilityVersion = "Xcode 9.3";
			developmentRegion = en;
			hasScannedForEncodings = 0;
			knownRegions = (
				en,
				Base,
			);
			mainGroup = 3D1C0FA02906E2E000EA0330;
			productRefGroup = 3D1C0FAA2906E2E000EA0330 /* Products */;
			projectDirPath = "";
			projectRoot = "";
			targets = (
				3D1C0FA82906E2E000EA0330 /* Proyecto-3erp */,
			);
		};
/* End PBXProject section */

/* Begin PBXResourcesBuildPhase section */
		3D1C0FA72906E2E000EA0330 /* Resources */ = {
			isa = PBXResourcesBuildPhase;
			buildActionMask = 2147483647;
			files = (
				FB391702292536D4005C9607 /* Indivisa Text Sans-Light.ttf in Resources */,
				FB3916FF292536D4005C9607 /* Indivisa Display Serif Thin.ttf in Resources */,
				3D1C0FB72906E2E400EA0330 /* LaunchScreen.storyboard in Resources */,
				FB3916F2292536D4005C9607 /* Indivisa Text Sans-Black.ttf in Resources */,
				FB3916F3292536D4005C9607 /* Indivisa Display Sans-Heavy Italic.ttf in Resources */,
				FB3916FA292536D4005C9607 /* Indivisa Text Sans-Regular.ttf in Resources */,
				FB39170A292536D4005C9607 /* Indivisa Display Sans-Heavy.ttf in Resources */,
				FB3916F9292536D4005C9607 /* Indivisa Text Sans-Bold Italic.ttf in Resources */,
				FB3916F7292536D4005C9607 /* Indivisa Display Serif Thin Italic.ttf in Resources */,
				FB391701292536D4005C9607 /* Indivisa Display Sans-Regular Italic.ttf in Resources */,
				FB391703292536D4005C9607 /* Indivisa Text Sans-Regular Italic.ttf in Resources */,
				FB391704292536D4005C9607 /* Indivisa Display Sans-Thin.ttf in Resources */,
				FB391708292536D4005C9607 /* Indivisa Display Serif Regular.ttf in Resources */,
				FB3916FC292536D4005C9607 /* Indivisa Text Sans-Black Italic.ttf in Resources */,
				3D1C0FB42906E2E400EA0330 /* Assets.xcassets in Resources */,
				FB39170C292536D4005C9607 /* Indivisa Text Sans-Light Italic.ttf in Resources */,
				FB391709292536D4005C9607 /* Indivisa Text Serif Bold.ttf in Resources */,
				FB3916F5292536D4005C9607 /* Indivisa Display Serif Heavy Italic.ttf in Resources */,
				3D1C0FB22906E2E000EA0330 /* Main.storyboard in Resources */,
				FB391707292536D4005C9607 /* Indivisa Text Serif Regular Italic.ttf in Resources */,
				FB3916F1292536D4005C9607 /* Indivisa Display Serif Regular Italic.ttf in Resources */,
				FB391705292536D4005C9607 /* Indivisa Text Serif Black Italic.ttf in Resources */,
				FB3916FD292536D4005C9607 /* Indivisa Text Serif Black.ttf in Resources */,
				FB3916F8292536D4005C9607 /* Indivisa Display Sans-Thin Italic.ttf in Resources */,
				FB3916F6292536D4005C9607 /* Indivisa Display Serif Heavy.ttf in Resources */,
				FB39170B292536D4005C9607 /* Indivisa Text Serif Light.ttf in Resources */,
				FB3916F4292536D4005C9607 /* Indivisa Text Serif Light Italic.ttf in Resources */,
				FB3916FB292536D4005C9607 /* Indivisa Text Serif Bold Italic.ttf in Resources */,
				FB391706292536D4005C9607 /* Indivisa Text Sans-Bold.ttf in Resources */,
				FB391700292536D4005C9607 /* Indivisa Display Sans-Regular.ttf in Resources */,
				FB3916FE292536D4005C9607 /* Indivisa Text Serif Regular.ttf in Resources */,
			);
			runOnlyForDeploymentPostprocessing = 0;
		};
/* End PBXResourcesBuildPhase section */

/* Begin PBXSourcesBuildPhase section */
		3D1C0FA52906E2E000EA0330 /* Sources */ = {
			isa = PBXSourcesBuildPhase;
			buildActionMask = 2147483647;
			files = (
				FB80E31C291E98CF00965690 /* HorarioCeldaController.swift in Sources */,
				FB73FD4829195E4F00D5EE8F /* pagos.swift in Sources */,
				3D1C0FC12906E8EA00EA0330 /* CeldaContactoController.swift in Sources */,
				FB7B189E29156AE600A3B439 /* Alumno.swift in Sources */,
				3D1BE1C629097E960031CCAA /* AgregarContactoController.swift in Sources */,
				FB73FD4629195E4200D5EE8F /* PagosController.swift in Sources */,
				FB7B18A029156AF300A3B439 /* AlumnoController.swift in Sources */,
				FBBCCBD22912BE4A00438ADD /* menu.swift in Sources */,
				FBBCCBD42912BE7400438ADD /* CeldaMenuController.swift in Sources */,
				FB80E318291E98AF00965690 /* horario.swift in Sources */,
				3D1C0FBF2906E7FB00EA0330 /* contactos.swift in Sources */,
				FB73FD4A29195E6600D5EE8F /* CeldaPagosController.swift in Sources */,
				3D1C0FAF2906E2E000EA0330 /* ViewController.swift in Sources */,
				FB80E31A291E98C100965690 /* HorarioController.swift in Sources */,
				FB81AD2629199CB400FBFF8F /* CeldaPagoController.swift in Sources */,
				FB83876C29228C4800BF2460 /* ClaseController.swift in Sources */,
				3D1C0FAD2906E2E000EA0330 /* AppDelegate.swift in Sources */,
				FB81AD2429199AD500FBFF8F /* pago.swift in Sources */,
				3D1BE1C829097EB20031CCAA /* EditarContactoController.swift in Sources */,
				FBBCCBD02912BC5900438ADD /* CafeteriaController.swift in Sources */,
				FB73FD442919570800D5EE8F /* PerfilController.swift in Sources */,
			);
			runOnlyForDeploymentPostprocessing = 0;
		};
/* End PBXSourcesBuildPhase section */

/* Begin PBXVariantGroup section */
		3D1C0FB02906E2E000EA0330 /* Main.storyboard */ = {
			isa = PBXVariantGroup;
			children = (
				3D1C0FB12906E2E000EA0330 /* Base */,
			);
			name = Main.storyboard;
			sourceTree = "<group>";
		};
		3D1C0FB52906E2E400EA0330 /* LaunchScreen.storyboard */ = {
			isa = PBXVariantGroup;
			children = (
				3D1C0FB62906E2E400EA0330 /* Base */,
			);
			name = LaunchScreen.storyboard;
			sourceTree = "<group>";
		};
/* End PBXVariantGroup section */

/* Begin XCBuildConfiguration section */
		3D1C0FB92906E2E400EA0330 /* Debug */ = {
			isa = XCBuildConfiguration;
			buildSettings = {
				ALWAYS_SEARCH_USER_PATHS = NO;
				CLANG_ANALYZER_NONNULL = YES;
				CLANG_ANALYZER_NUMBER_OBJECT_CONVERSION = YES_AGGRESSIVE;
				CLANG_CXX_LANGUAGE_STANDARD = "gnu++14";
				CLANG_CXX_LIBRARY = "libc++";
				CLANG_ENABLE_MODULES = YES;
				CLANG_ENABLE_OBJC_ARC = YES;
				CLANG_ENABLE_OBJC_WEAK = YES;
				CLANG_WARN_BLOCK_CAPTURE_AUTORELEASING = YES;
				CLANG_WARN_BOOL_CONVERSION = YES;
				CLANG_WARN_COMMA = YES;
				CLANG_WARN_CONSTANT_CONVERSION = YES;
				CLANG_WARN_DEPRECATED_OBJC_IMPLEMENTATIONS = YES;
				CLANG_WARN_DIRECT_OBJC_ISA_USAGE = YES_ERROR;
				CLANG_WARN_DOCUMENTATION_COMMENTS = YES;
				CLANG_WARN_EMPTY_BODY = YES;
				CLANG_WARN_ENUM_CONVERSION = YES;
				CLANG_WARN_INFINITE_RECURSION = YES;
				CLANG_WARN_INT_CONVERSION = YES;
				CLANG_WARN_NON_LITERAL_NULL_CONVERSION = YES;
				CLANG_WARN_OBJC_IMPLICIT_RETAIN_SELF = YES;
				CLANG_WARN_OBJC_LITERAL_CONVERSION = YES;
				CLANG_WARN_OBJC_ROOT_CLASS = YES_ERROR;
				CLANG_WARN_RANGE_LOOP_ANALYSIS = YES;
				CLANG_WARN_STRICT_PROTOTYPES = YES;
				CLANG_WARN_SUSPICIOUS_MOVE = YES;
				CLANG_WARN_UNGUARDED_AVAILABILITY = YES_AGGRESSIVE;
				CLANG_WARN_UNREACHABLE_CODE = YES;
				CLANG_WARN__DUPLICATE_METHOD_MATCH = YES;
				CODE_SIGN_IDENTITY = "iPhone Developer";
				COPY_PHASE_STRIP = NO;
				DEBUG_INFORMATION_FORMAT = dwarf;
				ENABLE_STRICT_OBJC_MSGSEND = YES;
				ENABLE_TESTABILITY = YES;
				GCC_C_LANGUAGE_STANDARD = gnu11;
				GCC_DYNAMIC_NO_PIC = NO;
				GCC_NO_COMMON_BLOCKS = YES;
				GCC_OPTIMIZATION_LEVEL = 0;
				GCC_PREPROCESSOR_DEFINITIONS = (
					"DEBUG=1",
					"$(inherited)",
				);
				GCC_WARN_64_TO_32_BIT_CONVERSION = YES;
				GCC_WARN_ABOUT_RETURN_TYPE = YES_ERROR;
				GCC_WARN_UNDECLARED_SELECTOR = YES;
				GCC_WARN_UNINITIALIZED_AUTOS = YES_AGGRESSIVE;
				GCC_WARN_UNUSED_FUNCTION = YES;
				GCC_WARN_UNUSED_VARIABLE = YES;
				IPHONEOS_DEPLOYMENT_TARGET = 11.4;
				MTL_ENABLE_DEBUG_INFO = YES;
				ONLY_ACTIVE_ARCH = YES;
				SDKROOT = iphoneos;
				SWIFT_ACTIVE_COMPILATION_CONDITIONS = DEBUG;
				SWIFT_OPTIMIZATION_LEVEL = "-Onone";
			};
			name = Debug;
		};
		3D1C0FBA2906E2E400EA0330 /* Release */ = {
			isa = XCBuildConfiguration;
			buildSettings = {
				ALWAYS_SEARCH_USER_PATHS = NO;
				CLANG_ANALYZER_NONNULL = YES;
				CLANG_ANALYZER_NUMBER_OBJECT_CONVERSION = YES_AGGRESSIVE;
				CLANG_CXX_LANGUAGE_STANDARD = "gnu++14";
				CLANG_CXX_LIBRARY = "libc++";
				CLANG_ENABLE_MODULES = YES;
				CLANG_ENABLE_OBJC_ARC = YES;
				CLANG_ENABLE_OBJC_WEAK = YES;
				CLANG_WARN_BLOCK_CAPTURE_AUTORELEASING = YES;
				CLANG_WARN_BOOL_CONVERSION = YES;
				CLANG_WARN_COMMA = YES;
				CLANG_WARN_CONSTANT_CONVERSION = YES;
				CLANG_WARN_DEPRECATED_OBJC_IMPLEMENTATIONS = YES;
				CLANG_WARN_DIRECT_OBJC_ISA_USAGE = YES_ERROR;
				CLANG_WARN_DOCUMENTATION_COMMENTS = YES;
				CLANG_WARN_EMPTY_BODY = YES;
				CLANG_WARN_ENUM_CONVERSION = YES;
				CLANG_WARN_INFINITE_RECURSION = YES;
				CLANG_WARN_INT_CONVERSION = YES;
				CLANG_WARN_NON_LITERAL_NULL_CONVERSION = YES;
				CLANG_WARN_OBJC_IMPLICIT_RETAIN_SELF = YES;
				CLANG_WARN_OBJC_LITERAL_CONVERSION = YES;
				CLANG_WARN_OBJC_ROOT_CLASS = YES_ERROR;
				CLANG_WARN_RANGE_LOOP_ANALYSIS = YES;
				CLANG_WARN_STRICT_PROTOTYPES = YES;
				CLANG_WARN_SUSPICIOUS_MOVE = YES;
				CLANG_WARN_UNGUARDED_AVAILABILITY = YES_AGGRESSIVE;
				CLANG_WARN_UNREACHABLE_CODE = YES;
				CLANG_WARN__DUPLICATE_METHOD_MATCH = YES;
				CODE_SIGN_IDENTITY = "iPhone Developer";
				COPY_PHASE_STRIP = NO;
				DEBUG_INFORMATION_FORMAT = "dwarf-with-dsym";
				ENABLE_NS_ASSERTIONS = NO;
				ENABLE_STRICT_OBJC_MSGSEND = YES;
				GCC_C_LANGUAGE_STANDARD = gnu11;
				GCC_NO_COMMON_BLOCKS = YES;
				GCC_WARN_64_TO_32_BIT_CONVERSION = YES;
				GCC_WARN_ABOUT_RETURN_TYPE = YES_ERROR;
				GCC_WARN_UNDECLARED_SELECTOR = YES;
				GCC_WARN_UNINITIALIZED_AUTOS = YES_AGGRESSIVE;
				GCC_WARN_UNUSED_FUNCTION = YES;
				GCC_WARN_UNUSED_VARIABLE = YES;
				IPHONEOS_DEPLOYMENT_TARGET = 11.4;
				MTL_ENABLE_DEBUG_INFO = NO;
				SDKROOT = iphoneos;
				SWIFT_COMPILATION_MODE = wholemodule;
				SWIFT_OPTIMIZATION_LEVEL = "-O";
				VALIDATE_PRODUCT = YES;
			};
			name = Release;
		};
		3D1C0FBC2906E2E400EA0330 /* Debug */ = {
			isa = XCBuildConfiguration;
			buildSettings = {
				ASSETCATALOG_COMPILER_APPICON_NAME = AppIcon;
				CODE_SIGN_STYLE = Automatic;
				INFOPLIST_FILE = "Proyecto-3erp/Info.plist";
				INFOPLIST_KEY_CFBundleDisplayName = "Class Hal";
				LD_RUNPATH_SEARCH_PATHS = (
					"$(inherited)",
					"@executable_path/Frameworks",
				);
				PRODUCT_BUNDLE_IDENTIFIER = "edu.ulsa.Practica-contactos";
				PRODUCT_NAME = "$(TARGET_NAME)";
				SWIFT_VERSION = 4.0;
				TARGETED_DEVICE_FAMILY = "1,2";
			};
			name = Debug;
		};
		3D1C0FBD2906E2E400EA0330 /* Release */ = {
			isa = XCBuildConfiguration;
			buildSettings = {
				ASSETCATALOG_COMPILER_APPICON_NAME = AppIcon;
				CODE_SIGN_STYLE = Automatic;
				INFOPLIST_FILE = "Proyecto-3erp/Info.plist";
				INFOPLIST_KEY_CFBundleDisplayName = "Class Hal";
				LD_RUNPATH_SEARCH_PATHS = (
					"$(inherited)",
					"@executable_path/Frameworks",
				);
				PRODUCT_BUNDLE_IDENTIFIER = "edu.ulsa.Practica-contactos";
				PRODUCT_NAME = "$(TARGET_NAME)";
				SWIFT_VERSION = 4.0;
				TARGETED_DEVICE_FAMILY = "1,2";
			};
			name = Release;
		};
/* End XCBuildConfiguration section */

/* Begin XCConfigurationList section */
		3D1C0FA42906E2E000EA0330 /* Build configuration list for PBXProject "Proyecto-3erp" */ = {
			isa = XCConfigurationList;
			buildConfigurations = (
				3D1C0FB92906E2E400EA0330 /* Debug */,
				3D1C0FBA2906E2E400EA0330 /* Release */,
			);
			defaultConfigurationIsVisible = 0;
			defaultConfigurationName = Release;
		};
		3D1C0FBB2906E2E400EA0330 /* Build configuration list for PBXNativeTarget "Proyecto-3erp" */ = {
			isa = XCConfigurationList;
			buildConfigurations = (
				3D1C0FBC2906E2E400EA0330 /* Debug */,
				3D1C0FBD2906E2E400EA0330 /* Release */,
			);
			defaultConfigurationIsVisible = 0;
			defaultConfigurationName = Release;
		};
/* End XCConfigurationList section */
	};
	rootObject = 3D1C0FA12906E2E000EA0330 /* Project object */;
}
