// !$*UTF8*$!
{
	archiveVersion = 1;
	classes = {
	};
	objectVersion = 50;
	objects = {

/* Begin PBXBuildFile section */
		3D1BE1C629097E960031CCAA /* AgregarContactoController.swift in Sources */ = {isa = PBXBuildFile; fileRef = 3D1BE1C529097E960031CCAA /* AgregarContactoController.swift */; };
		3D1BE1C829097EB20031CCAA /* EditarContactoController.swift in Sources */ = {isa = PBXBuildFile; fileRef = 3D1BE1C729097EB20031CCAA /* EditarContactoController.swift */; };
		3D1C0FAD2906E2E000EA0330 /* AppDelegate.swift in Sources */ = {isa = PBXBuildFile; fileRef = 3D1C0FAC2906E2E000EA0330 /* AppDelegate.swift */; };
		3D1C0FAF2906E2E000EA0330 /* ViewController.swift in Sources */ = {isa = PBXBuildFile; fileRef = 3D1C0FAE2906E2E000EA0330 /* ViewController.swift */; };
		3D1C0FB22906E2E000EA0330 /* Main.storyboard in Resources */ = {isa = PBXBuildFile; fileRef = 3D1C0FB02906E2E000EA0330 /* Main.storyboard */; };
		3D1C0FB42906E2E400EA0330 /* Assets.xcassets in Resources */ = {isa = PBXBuildFile; fileRef = 3D1C0FB32906E2E400EA0330 /* Assets.xcassets */; };
		3D1C0FB72906E2E400EA0330 /* LaunchScreen.storyboard in Resources */ = {isa = PBXBuildFile; fileRef = 3D1C0FB52906E2E400EA0330 /* LaunchScreen.storyboard */; };
		3D1C0FBF2906E7FB00EA0330 /* contactos.swift in Sources */ = {isa = PBXBuildFile; fileRef = 3D1C0FBE2906E7FB00EA0330 /* contactos.swift */; };
		3D1C0FC12906E8EA00EA0330 /* CeldaContactoController.swift in Sources */ = {isa = PBXBuildFile; fileRef = 3D1C0FC02906E8EA00EA0330 /* CeldaContactoController.swift */; };
		FB7B189E29156AE600A3B439 /* Alumno.swift in Sources */ = {isa = PBXBuildFile; fileRef = FB7B189D29156AE600A3B439 /* Alumno.swift */; };
		FB7B18A029156AF300A3B439 /* AlumnoController.swift in Sources */ = {isa = PBXBuildFile; fileRef = FB7B189F29156AF300A3B439 /* AlumnoController.swift */; };
		FBBCCBD02912BC5900438ADD /* CafeteriaController.swift in Sources */ = {isa = PBXBuildFile; fileRef = FBBCCBCF2912BC5900438ADD /* CafeteriaController.swift */; };
		FBBCCBD22912BE4A00438ADD /* menu.swift in Sources */ = {isa = PBXBuildFile; fileRef = FBBCCBD12912BE4A00438ADD /* menu.swift */; };
		FBBCCBD42912BE7400438ADD /* CeldaMenuController.swift in Sources */ = {isa = PBXBuildFile; fileRef = FBBCCBD32912BE7400438ADD /* CeldaMenuController.swift */; };
/* End PBXBuildFile section */

/* Begin PBXFileReference section */
		3D1BE1C529097E960031CCAA /* AgregarContactoController.swift */ = {isa = PBXFileReference; lastKnownFileType = sourcecode.swift; path = AgregarContactoController.swift; sourceTree = "<group>"; };
		3D1BE1C729097EB20031CCAA /* EditarContactoController.swift */ = {isa = PBXFileReference; lastKnownFileType = sourcecode.swift; path = EditarContactoController.swift; sourceTree = "<group>"; };
		3D1C0FA92906E2E000EA0330 /* Proyecto-3erp.app */ = {isa = PBXFileReference; explicitFileType = wrapper.application; includeInIndex = 0; path = "Proyecto-3erp.app"; sourceTree = BUILT_PRODUCTS_DIR; };
		3D1C0FAC2906E2E000EA0330 /* AppDelegate.swift */ = {isa = PBXFileReference; lastKnownFileType = sourcecode.swift; path = AppDelegate.swift; sourceTree = "<group>"; };
		3D1C0FAE2906E2E000EA0330 /* ViewController.swift */ = {isa = PBXFileReference; lastKnownFileType = sourcecode.swift; path = ViewController.swift; sourceTree = "<group>"; };
		3D1C0FB12906E2E000EA0330 /* Base */ = {isa = PBXFileReference; lastKnownFileType = file.storyboard; name = Base; path = Base.lproj/Main.storyboard; sourceTree = "<group>"; };
		3D1C0FB32906E2E400EA0330 /* Assets.xcassets */ = {isa = PBXFileReference; lastKnownFileType = folder.assetcatalog; path = Assets.xcassets; sourceTree = "<group>"; };
		3D1C0FB62906E2E400EA0330 /* Base */ = {isa = PBXFileReference; lastKnownFileType = file.storyboard; name = Base; path = Base.lproj/LaunchScreen.storyboard; sourceTree = "<group>"; };
		3D1C0FB82906E2E400EA0330 /* Info.plist */ = {isa = PBXFileReference; lastKnownFileType = text.plist.xml; path = Info.plist; sourceTree = "<group>"; };
		3D1C0FBE2906E7FB00EA0330 /* contactos.swift */ = {isa = PBXFileReference; lastKnownFileType = sourcecode.swift; path = contactos.swift; sourceTree = "<group>"; };
		3D1C0FC02906E8EA00EA0330 /* CeldaContactoController.swift */ = {isa = PBXFileReference; lastKnownFileType = sourcecode.swift; path = CeldaContactoController.swift; sourceTree = "<group>"; };
		FB7B189D29156AE600A3B439 /* Alumno.swift */ = {isa = PBXFileReference; lastKnownFileType = sourcecode.swift; path = Alumno.swift; sourceTree = "<group>"; };
		FB7B189F29156AF300A3B439 /* AlumnoController.swift */ = {isa = PBXFileReference; lastKnownFileType = sourcecode.swift; path = AlumnoController.swift; sourceTree = "<group>"; };
		FBBCCBCF2912BC5900438ADD /* CafeteriaController.swift */ = {isa = PBXFileReference; lastKnownFileType = sourcecode.swift; path = CafeteriaController.swift; sourceTree = "<group>"; };
		FBBCCBD12912BE4A00438ADD /* menu.swift */ = {isa = PBXFileReference; lastKnownFileType = sourcecode.swift; path = menu.swift; sourceTree = "<group>"; };
		FBBCCBD32912BE7400438ADD /* CeldaMenuController.swift */ = {isa = PBXFileReference; lastKnownFileType = sourcecode.swift; path = CeldaMenuController.swift; sourceTree = "<group>"; };
/* End PBXFileReference section */

/* Begin PBXFrameworksBuildPhase section */
		3D1C0FA62906E2E000EA0330 /* Frameworks */ = {
			isa = PBXFrameworksBuildPhase;
			buildActionMask = 2147483647;
			files = (
			);
			runOnlyForDeploymentPostprocessing = 0;
		};
/* End PBXFrameworksBuildPhase section */

/* Begin PBXGroup section */
		3D1C0FA02906E2E000EA0330 = {
			isa = PBXGroup;
			children = (
				3D1C0FAB2906E2E000EA0330 /* Proyecto-3erp */,
				3D1C0FAA2906E2E000EA0330 /* Products */,
			);
			sourceTree = "<group>";
		};
		3D1C0FAA2906E2E000EA0330 /* Products */ = {
			isa = PBXGroup;
			children = (
				3D1C0FA92906E2E000EA0330 /* Proyecto-3erp.app */,
			);
			name = Products;
			sourceTree = "<group>";
		};
		3D1C0FAB2906E2E000EA0330 /* Proyecto-3erp */ = {
			isa = PBXGroup;
			children = (
				FBBCCBCF2912BC5900438ADD /* CafeteriaController.swift */,
				FBBCCBD32912BE7400438ADD /* CeldaMenuController.swift */,
				FBBCCBD12912BE4A00438ADD /* menu.swift */,
				3D1C0FAC2906E2E000EA0330 /* AppDelegate.swift */,
				3D1C0FAE2906E2E000EA0330 /* ViewController.swift */,
				3D1C0FB02906E2E000EA0330 /* Main.storyboard */,
				3D1C0FB32906E2E400EA0330 /* Assets.xcassets */,
				3D1C0FB52906E2E400EA0330 /* LaunchScreen.storyboard */,
				3D1C0FB82906E2E400EA0330 /* Info.plist */,
				3D1C0FBE2906E7FB00EA0330 /* contactos.swift */,
				3D1C0FC02906E8EA00EA0330 /* CeldaContactoController.swift */,
				3D1BE1C529097E960031CCAA /* AgregarContactoController.swift */,
				3D1BE1C729097EB20031CCAA /* EditarContactoController.swift */,
				FB7B189D29156AE600A3B439 /* Alumno.swift */,
				FB7B189F29156AF300A3B439 /* AlumnoController.swift */,
			);
			path = "Proyecto-3erp";
			sourceTree = "<group>";
		};
/* End PBXGroup section */

/* Begin PBXNativeTarget section */
		3D1C0FA82906E2E000EA0330 /* Proyecto-3erp */ = {
			isa = PBXNativeTarget;
			buildConfigurationList = 3D1C0FBB2906E2E400EA0330 /* Build configuration list for PBXNativeTarget "Proyecto-3erp" */;
			buildPhases = (
				3D1C0FA52906E2E000EA0330 /* Sources */,
				3D1C0FA62906E2E000EA0330 /* Frameworks */,
				3D1C0FA72906E2E000EA0330 /* Resources */,
			);
			buildRules = (
			);
			dependencies = (
			);
			name = "Proyecto-3erp";
			productName = "Practica-contactos";
			productReference = 3D1C0FA92906E2E000EA0330 /* Proyecto-3erp.app */;
			productType = "com.apple.product-type.application";
		};
/* End PBXNativeTarget section */

/* Begin PBXProject section */
		3D1C0FA12906E2E000EA0330 /* Project object */ = {
			isa = PBXProject;
			attributes = {
				LastSwiftUpdateCheck = 0940;
				LastUpgradeCheck = 0940;
				ORGANIZATIONNAME = "Sebastian Encinas";
				TargetAttributes = {
					3D1C0FA82906E2E000EA0330 = {
						CreatedOnToolsVersion = 9.4.1;
						LastSwiftMigration = "";
					};
				};
			};
			buildConfigurationList = 3D1C0FA42906E2E000EA0330 /* Build configuration list for PBXProject "Proyecto-3erp" */;
			compatibilityVersion = "Xcode 9.3";
			developmentRegion = en;
			hasScannedForEncodings = 0;
			knownRegions = (
				en,
				Base,
			);
			mainGroup = 3D1C0FA02906E2E000EA0330;
			productRefGroup = 3D1C0FAA2906E2E000EA0330 /* Products */;
			projectDirPath = "";
			projectRoot = "";
			targets = (
				3D1C0FA82906E2E000EA0330 /* Proyecto-3erp */,
			);
		};
/* End PBXProject section */

/* Begin PBXResourcesBuildPhase section */
		3D1C0FA72906E2E000EA0330 /* Resources */ = {
			isa = PBXResourcesBuildPhase;
			buildActionMask = 2147483647;
			files = (
				3D1C0FB72906E2E400EA0330 /* LaunchScreen.storyboard in Resources */,
				3D1C0FB42906E2E400EA0330 /* Assets.xcassets in Resources */,
				3D1C0FB22906E2E000EA0330 /* Main.storyboard in Resources */,
			);
			runOnlyForDeploymentPostprocessing = 0;
		};
/* End PBXResourcesBuildPhase section */

/* Begin PBXSourcesBuildPhase section */
		3D1C0FA52906E2E000EA0330 /* Sources */ = {
			isa = PBXSourcesBuildPhase;
			buildActionMask = 2147483647;
			files = (
				3D1C0FC12906E8EA00EA0330 /* CeldaContactoController.swift in Sources */,
				FB7B189E29156AE600A3B439 /* Alumno.swift in Sources */,
				3D1BE1C629097E960031CCAA /* AgregarContactoController.swift in Sources */,
				FB7B18A029156AF300A3B439 /* AlumnoController.swift in Sources */,
				FBBCCBD22912BE4A00438ADD /* menu.swift in Sources */,
				FBBCCBD42912BE7400438ADD /* CeldaMenuController.swift in Sources */,
				3D1C0FBF2906E7FB00EA0330 /* contactos.swift in Sources */,
				3D1C0FAF2906E2E000EA0330 /* ViewController.swift in Sources */,
				3D1C0FAD2906E2E000EA0330 /* AppDelegate.swift in Sources */,
				3D1BE1C829097EB20031CCAA /* EditarContactoController.swift in Sources */,
				FBBCCBD02912BC5900438ADD /* CafeteriaController.swift in Sources */,
			);
			runOnlyForDeploymentPostprocessing = 0;
		};
/* End PBXSourcesBuildPhase section */

/* Begin PBXVariantGroup section */
		3D1C0FB02906E2E000EA0330 /* Main.storyboard */ = {
			isa = PBXVariantGroup;
			children = (
				3D1C0FB12906E2E000EA0330 /* Base */,
			);
			name = Main.storyboard;
			sourceTree = "<group>";
		};
		3D1C0FB52906E2E400EA0330 /* LaunchScreen.storyboard */ = {
			isa = PBXVariantGroup;
			children = (
				3D1C0FB62906E2E400EA0330 /* Base */,
			);
			name = LaunchScreen.storyboard;
			sourceTree = "<group>";
		};
/* End PBXVariantGroup section */

/* Begin XCBuildConfiguration section */
		3D1C0FB92906E2E400EA0330 /* Debug */ = {
			isa = XCBuildConfiguration;
			buildSettings = {
				ALWAYS_SEARCH_USER_PATHS = NO;
				CLANG_ANALYZER_NONNULL = YES;
				CLANG_ANALYZER_NUMBER_OBJECT_CONVERSION = YES_AGGRESSIVE;
				CLANG_CXX_LANGUAGE_STANDARD = "gnu++14";
				CLANG_CXX_LIBRARY = "libc++";
				CLANG_ENABLE_MODULES = YES;
				CLANG_ENABLE_OBJC_ARC = YES;
				CLANG_ENABLE_OBJC_WEAK = YES;
				CLANG_WARN_BLOCK_CAPTURE_AUTORELEASING = YES;
				CLANG_WARN_BOOL_CONVERSION = YES;
				CLANG_WARN_COMMA = YES;
				CLANG_WARN_CONSTANT_CONVERSION = YES;
				CLANG_WARN_DEPRECATED_OBJC_IMPLEMENTATIONS = YES;
				CLANG_WARN_DIRECT_OBJC_ISA_USAGE = YES_ERROR;
				CLANG_WARN_DOCUMENTATION_COMMENTS = YES;
				CLANG_WARN_EMPTY_BODY = YES;
				CLANG_WARN_ENUM_CONVERSION = YES;
				CLANG_WARN_INFINITE_RECURSION = YES;
				CLANG_WARN_INT_CONVERSION = YES;
				CLANG_WARN_NON_LITERAL_NULL_CONVERSION = YES;
				CLANG_WARN_OBJC_IMPLICIT_RETAIN_SELF = YES;
				CLANG_WARN_OBJC_LITERAL_CONVERSION = YES;
				CLANG_WARN_OBJC_ROOT_CLASS = YES_ERROR;
				CLANG_WARN_RANGE_LOOP_ANALYSIS = YES;
				CLANG_WARN_STRICT_PROTOTYPES = YES;
				CLANG_WARN_SUSPICIOUS_MOVE = YES;
				CLANG_WARN_UNGUARDED_AVAILABILITY = YES_AGGRESSIVE;
				CLANG_WARN_UNREACHABLE_CODE = YES;
				CLANG_WARN__DUPLICATE_METHOD_MATCH = YES;
				CODE_SIGN_IDENTITY = "iPhone Developer";
				COPY_PHASE_STRIP = NO;
				DEBUG_INFORMATION_FORMAT = dwarf;
				ENABLE_STRICT_OBJC_MSGSEND = YES;
				ENABLE_TESTABILITY = YES;
				GCC_C_LANGUAGE_STANDARD = gnu11;
				GCC_DYNAMIC_NO_PIC = NO;
				GCC_NO_COMMON_BLOCKS = YES;
				GCC_OPTIMIZATION_LEVEL = 0;
				GCC_PREPROCESSOR_DEFINITIONS = (
					"DEBUG=1",
					"$(inherited)",
				);
				GCC_WARN_64_TO_32_BIT_CONVERSION = YES;
				GCC_WARN_ABOUT_RETURN_TYPE = YES_ERROR;
				GCC_WARN_UNDECLARED_SELECTOR = YES;
				GCC_WARN_UNINITIALIZED_AUTOS = YES_AGGRESSIVE;
				GCC_WARN_UNUSED_FUNCTION = YES;
				GCC_WARN_UNUSED_VARIABLE = YES;
				IPHONEOS_DEPLOYMENT_TARGET = 11.4;
				MTL_ENABLE_DEBUG_INFO = YES;
				ONLY_ACTIVE_ARCH = YES;
				SDKROOT = iphoneos;
				SWIFT_ACTIVE_COMPILATION_CONDITIONS = DEBUG;
				SWIFT_OPTIMIZATION_LEVEL = "-Onone";
			};
			name = Debug;
		};
		3D1C0FBA2906E2E400EA0330 /* Release */ = {
			isa = XCBuildConfiguration;
			buildSettings = {
				ALWAYS_SEARCH_USER_PATHS = NO;
				CLANG_ANALYZER_NONNULL = YES;
				CLANG_ANALYZER_NUMBER_OBJECT_CONVERSION = YES_AGGRESSIVE;
				CLANG_CXX_LANGUAGE_STANDARD = "gnu++14";
				CLANG_CXX_LIBRARY = "libc++";
				CLANG_ENABLE_MODULES = YES;
				CLANG_ENABLE_OBJC_ARC = YES;
				CLANG_ENABLE_OBJC_WEAK = YES;
				CLANG_WARN_BLOCK_CAPTURE_AUTORELEASING = YES;
				CLANG_WARN_BOOL_CONVERSION = YES;
				CLANG_WARN_COMMA = YES;
				CLANG_WARN_CONSTANT_CONVERSION = YES;
				CLANG_WARN_DEPRECATED_OBJC_IMPLEMENTATIONS = YES;
				CLANG_WARN_DIRECT_OBJC_ISA_USAGE = YES_ERROR;
				CLANG_WARN_DOCUMENTATION_COMMENTS = YES;
				CLANG_WARN_EMPTY_BODY = YES;
				CLANG_WARN_ENUM_CONVERSION = YES;
				CLANG_WARN_INFINITE_RECURSION = YES;
				CLANG_WARN_INT_CONVERSION = YES;
				CLANG_WARN_NON_LITERAL_NULL_CONVERSION = YES;
				CLANG_WARN_OBJC_IMPLICIT_RETAIN_SELF = YES;
				CLANG_WARN_OBJC_LITERAL_CONVERSION = YES;
				CLANG_WARN_OBJC_ROOT_CLASS = YES_ERROR;
				CLANG_WARN_RANGE_LOOP_ANALYSIS = YES;
				CLANG_WARN_STRICT_PROTOTYPES = YES;
				CLANG_WARN_SUSPICIOUS_MOVE = YES;
				CLANG_WARN_UNGUARDED_AVAILABILITY = YES_AGGRESSIVE;
				CLANG_WARN_UNREACHABLE_CODE = YES;
				CLANG_WARN__DUPLICATE_METHOD_MATCH = YES;
				CODE_SIGN_IDENTITY = "iPhone Developer";
				COPY_PHASE_STRIP = NO;
				DEBUG_INFORMATION_FORMAT = "dwarf-with-dsym";
				ENABLE_NS_ASSERTIONS = NO;
				ENABLE_STRICT_OBJC_MSGSEND = YES;
				GCC_C_LANGUAGE_STANDARD = gnu11;
				GCC_NO_COMMON_BLOCKS = YES;
				GCC_WARN_64_TO_32_BIT_CONVERSION = YES;
				GCC_WARN_ABOUT_RETURN_TYPE = YES_ERROR;
				GCC_WARN_UNDECLARED_SELECTOR = YES;
				GCC_WARN_UNINITIALIZED_AUTOS = YES_AGGRESSIVE;
				GCC_WARN_UNUSED_FUNCTION = YES;
				GCC_WARN_UNUSED_VARIABLE = YES;
				IPHONEOS_DEPLOYMENT_TARGET = 11.4;
				MTL_ENABLE_DEBUG_INFO = NO;
				SDKROOT = iphoneos;
				SWIFT_COMPILATION_MODE = wholemodule;
				SWIFT_OPTIMIZATION_LEVEL = "-O";
				VALIDATE_PRODUCT = YES;
			};
			name = Release;
		};
		3D1C0FBC2906E2E400EA0330 /* Debug */ = {
			isa = XCBuildConfiguration;
			buildSettings = {
				ASSETCATALOG_COMPILER_APPICON_NAME = AppIcon;
				CODE_SIGN_STYLE = Automatic;
				INFOPLIST_FILE = "Proyecto-3erp/Info.plist";
				LD_RUNPATH_SEARCH_PATHS = (
					"$(inherited)",
					"@executable_path/Frameworks",
				);
				PRODUCT_BUNDLE_IDENTIFIER = "edu.ulsa.Practica-contactos";
				PRODUCT_NAME = "$(TARGET_NAME)";
				SWIFT_VERSION = 4.0;
				TARGETED_DEVICE_FAMILY = "1,2";
			};
			name = Debug;
		};
		3D1C0FBD2906E2E400EA0330 /* Release */ = {
			isa = XCBuildConfiguration;
			buildSettings = {
				ASSETCATALOG_COMPILER_APPICON_NAME = AppIcon;
				CODE_SIGN_STYLE = Automatic;
				INFOPLIST_FILE = "Proyecto-3erp/Info.plist";
				LD_RUNPATH_SEARCH_PATHS = (
					"$(inherited)",
					"@executable_path/Frameworks",
				);
				PRODUCT_BUNDLE_IDENTIFIER = "edu.ulsa.Practica-contactos";
				PRODUCT_NAME = "$(TARGET_NAME)";
				SWIFT_VERSION = 4.0;
				TARGETED_DEVICE_FAMILY = "1,2";
			};
			name = Release;
		};
/* End XCBuildConfiguration section */

/* Begin XCConfigurationList section */
		3D1C0FA42906E2E000EA0330 /* Build configuration list for PBXProject "Proyecto-3erp" */ = {
			isa = XCConfigurationList;
			buildConfigurations = (
				3D1C0FB92906E2E400EA0330 /* Debug */,
				3D1C0FBA2906E2E400EA0330 /* Release */,
			);
			defaultConfigurationIsVisible = 0;
			defaultConfigurationName = Release;
		};
		3D1C0FBB2906E2E400EA0330 /* Build configuration list for PBXNativeTarget "Proyecto-3erp" */ = {
			isa = XCConfigurationList;
			buildConfigurations = (
				3D1C0FBC2906E2E400EA0330 /* Debug */,
				3D1C0FBD2906E2E400EA0330 /* Release */,
			);
			defaultConfigurationIsVisible = 0;
			defaultConfigurationName = Release;
		};
/* End XCConfigurationList section */
	};
	rootObject = 3D1C0FA12906E2E000EA0330 /* Project object */;
}
